Microsoft Visual Studio Solution File, Format Version 12.00
# Visual Studio Version 17
VisualStudioVersion = 17.5.2.0
MinimumVisualStudioVersion = 10.0.40219.1
Project("{FAE04EC0-301F-11D3-BF4B-00C04F79EFBC}") = "JustConsoleApp", "JustConsoleApp\JustConsoleApp.csproj", "{DDD4D0C4-FBE9-6354-EA31-9D3D8ED6D954}"
EndProject
Global
	GlobalSection(SolutionConfigurationPlatforms) = preSolution
		Debug|Any CPU = Debug|Any CPU
		Release|Any CPU = Release|Any CPU
	EndGlobalSection
	GlobalSection(ProjectConfigurationPlatforms) = postSolution
		{DDD4D0C4-FBE9-6354-EA31-9D3D8ED6D954}.Debug|Any CPU.ActiveCfg = Debug|Any CPU
		{DDD4D0C4-FBE9-6354-EA31-9D3D8ED6D954}.Debug|Any CPU.Build.0 = Debug|Any CPU
		{DDD4D0C4-FBE9-6354-EA31-9D3D8ED6D954}.Release|Any CPU.ActiveCfg = Release|Any CPU
		{DDD4D0C4-FBE9-6354-EA31-9D3D8ED6D954}.Release|Any CPU.Build.0 = Release|Any CPU
	EndGlobalSection
	GlobalSection(SolutionProperties) = preSolution
		HideSolutionNode = FALSE
	EndGlobalSection
	GlobalSection(ExtensibilityGlobals) = postSolution
		SolutionGuid = {98A2A3D6-D13B-400E-8779-FEC321E6B48D}
	EndGlobalSection
EndGlobal
